
Microsoft Visual Studio Solution File, Format Version 10.00
# Visual Studio 2008
Project("{8BC9CEB8-8B4A-11D0-8D11-00A0C91BC942}") = "ToolBar_02", "ToolBar_02\ToolBar_02.vcproj", "{8EE73A85-7ABB-4E36-8EC1-D4373EA56360}"
EndProject
Global
	GlobalSection(SolutionConfigurationPlatforms) = preSolution
		Debug|Win32 = Debug|Win32
		Release|Win32 = Release|Win32
	EndGlobalSection
	GlobalSection(ProjectConfigurationPlatforms) = postSolution
		{8EE73A85-7ABB-4E36-8EC1-D4373EA56360}.Debug|Win32.ActiveCfg = Debug|Win32
		{8EE73A85-7ABB-4E36-8EC1-D4373EA56360}.Debug|Win32.Build.0 = Debug|Win32
		{8EE73A85-7ABB-4E36-8EC1-D4373EA56360}.Release|Win32.ActiveCfg = Release|Win32
		{8EE73A85-7ABB-4E36-8EC1-D4373EA56360}.Release|Win32.Build.0 = Release|Win32
	EndGlobalSection
	GlobalSection(SolutionProperties) = preSolution
		HideSolutionNode = FALSE
	EndGlobalSection
EndGlobal
